
Microsoft Visual Studio Solution File, Format Version 12.00
# Visual Studio Version 16
VisualStudioVersion = 16.0.29230.47
MinimumVisualStudioVersion = 10.0.40219.1
Project("{FAE04EC0-301F-11D3-BF4B-00C04F79EFBC}") = "ShellNavigationIssue.Android", "ShellNavigationIssue\ShellNavigationIssue.Android\ShellNavigationIssue.Android.csproj", "{AFFEE261-ABF1-4E1C-B0C8-804BD68425A7}"
EndProject
Project("{FAE04EC0-301F-11D3-BF4B-00C04F79EFBC}") = "ShellNavigationIssue", "ShellNavigationIssue\ShellNavigationIssue\ShellNavigationIssue.csproj", "{17F752EF-EB0B-4297-9EBD-59A5134936A1}"
EndProject
Global
	GlobalSection(SolutionConfigurationPlatforms) = preSolution
		Debug|Any CPU = Debug|Any CPU
		Release|Any CPU = Release|Any CPU
	EndGlobalSection
	GlobalSection(ProjectConfigurationPlatforms) = postSolution
		{AFFEE261-ABF1-4E1C-B0C8-804BD68425A7}.Debug|Any CPU.ActiveCfg = Debug|Any CPU
		{AFFEE261-ABF1-4E1C-B0C8-804BD68425A7}.Debug|Any CPU.Build.0 = Debug|Any CPU
		{AFFEE261-ABF1-4E1C-B0C8-804BD68425A7}.Debug|Any CPU.Deploy.0 = Debug|Any CPU
		{AFFEE261-ABF1-4E1C-B0C8-804BD68425A7}.Release|Any CPU.ActiveCfg = Release|Any CPU
		{AFFEE261-ABF1-4E1C-B0C8-804BD68425A7}.Release|Any CPU.Build.0 = Release|Any CPU
		{AFFEE261-ABF1-4E1C-B0C8-804BD68425A7}.Release|Any CPU.Deploy.0 = Release|Any CPU
		{17F752EF-EB0B-4297-9EBD-59A5134936A1}.Debug|Any CPU.ActiveCfg = Debug|Any CPU
		{17F752EF-EB0B-4297-9EBD-59A5134936A1}.Debug|Any CPU.Build.0 = Debug|Any CPU
		{17F752EF-EB0B-4297-9EBD-59A5134936A1}.Debug|Any CPU.Deploy.0 = Debug|Any CPU
		{17F752EF-EB0B-4297-9EBD-59A5134936A1}.Release|Any CPU.ActiveCfg = Release|Any CPU
		{17F752EF-EB0B-4297-9EBD-59A5134936A1}.Release|Any CPU.Build.0 = Release|Any CPU
		{17F752EF-EB0B-4297-9EBD-59A5134936A1}.Release|Any CPU.Deploy.0 = Release|Any CPU
	EndGlobalSection
	GlobalSection(SolutionProperties) = preSolution
		HideSolutionNode = FALSE
	EndGlobalSection
	GlobalSection(ExtensibilityGlobals) = postSolution
		SolutionGuid = {8B01A90B-55A7-4A45-A5E3-11DB2481A52E}
	EndGlobalSection
EndGlobal
